
Microsoft Visual Studio Solution File, Format Version 12.00
# Visual Studio Version 16
VisualStudioVersion = 16.0.30523.141
MinimumVisualStudioVersion = 10.0.40219.1
Project("{FAE04EC0-301F-11D3-BF4B-00C04F79EFBC}") = "Lab01.Ex01.EmptyWebSite", "Lab01.Ex01.EmptyWebSite\Lab01.Ex01.EmptyWebSite.csproj", "{BD99708D-1B5D-46DA-A8D6-6AE95BA731E9}"
EndProject
Project("{FAE04EC0-301F-11D3-BF4B-00C04F79EFBC}") = "Lab01.Ex02.WebFormStart", "Lab01.Ex02.WebFormStart\Lab01.Ex02.WebFormStart.csproj", "{83EC4398-26C3-426D-BDEA-88A04C819D24}"
EndProject
Project("{FAE04EC0-301F-11D3-BF4B-00C04F79EFBC}") = "Lab02.Ex01.EventHandling", "Lab02.Ex01EventHandling\Lab02.Ex01.EventHandling.csproj", "{A61CEC27-CE54-4B6C-A449-0E3A5372E78F}"
EndProject
Project("{FAE04EC0-301F-11D3-BF4B-00C04F79EFBC}") = "Lab02.Ex02.AddHtmlFiles", "Lab02.Ex02.AddHtmlFiles\Lab02.Ex02.AddHtmlFiles.csproj", "{9FFC0F2C-50AA-41B8-AF63-E5283F2CB00B}"
EndProject
Project("{FAE04EC0-301F-11D3-BF4B-00C04F79EFBC}") = "Lab03.Ex01.SeminarDoclad", "Lab03.Ex01.SeminarDoclad\Lab03.Ex01.SeminarDoclad.csproj", "{A358ED0B-4F51-40CF-BE00-FC2105F7B7AE}"
EndProject
Project("{FAE04EC0-301F-11D3-BF4B-00C04F79EFBC}") = "Lab03.Ex02.GetNoShow", "Lab03.Ex02.GetNoShow\Lab03.Ex02.GetNoShow.csproj", "{7560AE8A-2D1F-4D0D-A8E1-FA8A1CEB005D}"
EndProject
Project("{FAE04EC0-301F-11D3-BF4B-00C04F79EFBC}") = "Lab04.Ex01.MasterrPage", "Lab04.Ex01.MasterrPage\Lab04.Ex01.MasterrPage.csproj", "{CA932656-0062-409B-9E7D-BF77FF9335D5}"
EndProject
Global
	GlobalSection(SolutionConfigurationPlatforms) = preSolution
		Debug|Any CPU = Debug|Any CPU
		Release|Any CPU = Release|Any CPU
	EndGlobalSection
	GlobalSection(ProjectConfigurationPlatforms) = postSolution
		{BD99708D-1B5D-46DA-A8D6-6AE95BA731E9}.Debug|Any CPU.ActiveCfg = Debug|Any CPU
		{BD99708D-1B5D-46DA-A8D6-6AE95BA731E9}.Debug|Any CPU.Build.0 = Debug|Any CPU
		{BD99708D-1B5D-46DA-A8D6-6AE95BA731E9}.Release|Any CPU.ActiveCfg = Release|Any CPU
		{BD99708D-1B5D-46DA-A8D6-6AE95BA731E9}.Release|Any CPU.Build.0 = Release|Any CPU
		{83EC4398-26C3-426D-BDEA-88A04C819D24}.Debug|Any CPU.ActiveCfg = Debug|Any CPU
		{83EC4398-26C3-426D-BDEA-88A04C819D24}.Debug|Any CPU.Build.0 = Debug|Any CPU
		{83EC4398-26C3-426D-BDEA-88A04C819D24}.Release|Any CPU.ActiveCfg = Release|Any CPU
		{83EC4398-26C3-426D-BDEA-88A04C819D24}.Release|Any CPU.Build.0 = Release|Any CPU
		{A61CEC27-CE54-4B6C-A449-0E3A5372E78F}.Debug|Any CPU.ActiveCfg = Debug|Any CPU
		{A61CEC27-CE54-4B6C-A449-0E3A5372E78F}.Debug|Any CPU.Build.0 = Debug|Any CPU
		{A61CEC27-CE54-4B6C-A449-0E3A5372E78F}.Release|Any CPU.ActiveCfg = Release|Any CPU
		{A61CEC27-CE54-4B6C-A449-0E3A5372E78F}.Release|Any CPU.Build.0 = Release|Any CPU
		{9FFC0F2C-50AA-41B8-AF63-E5283F2CB00B}.Debug|Any CPU.ActiveCfg = Debug|Any CPU
		{9FFC0F2C-50AA-41B8-AF63-E5283F2CB00B}.Debug|Any CPU.Build.0 = Debug|Any CPU
		{9FFC0F2C-50AA-41B8-AF63-E5283F2CB00B}.Release|Any CPU.ActiveCfg = Release|Any CPU
		{9FFC0F2C-50AA-41B8-AF63-E5283F2CB00B}.Release|Any CPU.Build.0 = Release|Any CPU
		{A358ED0B-4F51-40CF-BE00-FC2105F7B7AE}.Debug|Any CPU.ActiveCfg = Debug|Any CPU
		{A358ED0B-4F51-40CF-BE00-FC2105F7B7AE}.Debug|Any CPU.Build.0 = Debug|Any CPU
		{A358ED0B-4F51-40CF-BE00-FC2105F7B7AE}.Release|Any CPU.ActiveCfg = Release|Any CPU
		{A358ED0B-4F51-40CF-BE00-FC2105F7B7AE}.Release|Any CPU.Build.0 = Release|Any CPU
		{7560AE8A-2D1F-4D0D-A8E1-FA8A1CEB005D}.Debug|Any CPU.ActiveCfg = Debug|Any CPU
		{7560AE8A-2D1F-4D0D-A8E1-FA8A1CEB005D}.Debug|Any CPU.Build.0 = Debug|Any CPU
		{7560AE8A-2D1F-4D0D-A8E1-FA8A1CEB005D}.Release|Any CPU.ActiveCfg = Release|Any CPU
		{7560AE8A-2D1F-4D0D-A8E1-FA8A1CEB005D}.Release|Any CPU.Build.0 = Release|Any CPU
		{CA932656-0062-409B-9E7D-BF77FF9335D5}.Debug|Any CPU.ActiveCfg = Debug|Any CPU
		{CA932656-0062-409B-9E7D-BF77FF9335D5}.Debug|Any CPU.Build.0 = Debug|Any CPU
		{CA932656-0062-409B-9E7D-BF77FF9335D5}.Release|Any CPU.ActiveCfg = Release|Any CPU
		{CA932656-0062-409B-9E7D-BF77FF9335D5}.Release|Any CPU.Build.0 = Release|Any CPU
	EndGlobalSection
	GlobalSection(SolutionProperties) = preSolution
		HideSolutionNode = FALSE
	EndGlobalSection
	GlobalSection(ExtensibilityGlobals) = postSolution
		SolutionGuid = {79317326-0EB8-4606-A419-1EE7D58AE01D}
	EndGlobalSection
EndGlobal
